
Microsoft Visual Studio Solution File, Format Version 12.00
# Visual Studio 15
Project("{FAE04EC0-301F-11D3-BF4B-00C04F79EFBC}") = "AWFrameworkBindings", "AWFrameworkBindings\AWFrameworkBindings.csproj", "{B2D81DC5-4A3F-4D0D-9F98-667F2D19D1B9}"
EndProject
Project("{FAE04EC0-301F-11D3-BF4B-00C04F79EFBC}") = "AWNetworkLibraryBindings", "AWNetworkLibraryBindings\AWNetworkLibraryBindings.csproj", "{D8852C3E-2CA3-4E92-92AE-9AB1B885BBA1}"
EndProject
Global
	GlobalSection(SolutionConfigurationPlatforms) = preSolution
		Debug|Any CPU = Debug|Any CPU
		Release|Any CPU = Release|Any CPU
	EndGlobalSection
	GlobalSection(ProjectConfigurationPlatforms) = postSolution
		{B2D81DC5-4A3F-4D0D-9F98-667F2D19D1B9}.Debug|Any CPU.ActiveCfg = Debug|Any CPU
		{B2D81DC5-4A3F-4D0D-9F98-667F2D19D1B9}.Debug|Any CPU.Build.0 = Debug|Any CPU
		{B2D81DC5-4A3F-4D0D-9F98-667F2D19D1B9}.Release|Any CPU.ActiveCfg = Release|Any CPU
		{B2D81DC5-4A3F-4D0D-9F98-667F2D19D1B9}.Release|Any CPU.Build.0 = Release|Any CPU
		{D8852C3E-2CA3-4E92-92AE-9AB1B885BBA1}.Debug|Any CPU.ActiveCfg = Debug|Any CPU
		{D8852C3E-2CA3-4E92-92AE-9AB1B885BBA1}.Debug|Any CPU.Build.0 = Debug|Any CPU
		{D8852C3E-2CA3-4E92-92AE-9AB1B885BBA1}.Release|Any CPU.ActiveCfg = Release|Any CPU
		{D8852C3E-2CA3-4E92-92AE-9AB1B885BBA1}.Release|Any CPU.Build.0 = Release|Any CPU
	EndGlobalSection
EndGlobal
